
Microsoft Visual Studio Solution File, Format Version 11.00
# Visual Studio 2010
Project("{FAE04EC0-301F-11D3-BF4B-00C04F79EFBC}") = "Assembly-CSharp-firstpass", "Assembly-CSharp-firstpass.csproj", "{7843b164-d71d-0879-9206-fdc304ffd896}"
EndProject
Project("{FAE04EC0-301F-11D3-BF4B-00C04F79EFBC}") = "Assembly-CSharp", "Assembly-CSharp.csproj", "{0d7e9dda-0911-9882-846f-56bf416dc2de}"
EndProject
Project("{FAE04EC0-301F-11D3-BF4B-00C04F79EFBC}") = "Assembly-CSharp-Editor-firstpass", "Assembly-CSharp-Editor-firstpass.csproj", "{8b0985bc-0ae0-4574-fdc9-1b3c2933cfc6}"
EndProject
Global
	GlobalSection(SolutionConfigurationPlatforms) = preSolution
		Debug|Any CPU = Debug|Any CPU
	EndGlobalSection
	GlobalSection(ProjectConfigurationPlatforms) = postSolution
		{7843b164-d71d-0879-9206-fdc304ffd896}.Debug|Any CPU.ActiveCfg = Debug|Any CPU
		{7843b164-d71d-0879-9206-fdc304ffd896}.Debug|Any CPU.Build.0 = Debug|Any CPU
		{0d7e9dda-0911-9882-846f-56bf416dc2de}.Debug|Any CPU.ActiveCfg = Debug|Any CPU
		{0d7e9dda-0911-9882-846f-56bf416dc2de}.Debug|Any CPU.Build.0 = Debug|Any CPU
		{8b0985bc-0ae0-4574-fdc9-1b3c2933cfc6}.Debug|Any CPU.ActiveCfg = Debug|Any CPU
		{8b0985bc-0ae0-4574-fdc9-1b3c2933cfc6}.Debug|Any CPU.Build.0 = Debug|Any CPU
	EndGlobalSection
	GlobalSection(SolutionProperties) = preSolution
		HideSolutionNode = FALSE
	EndGlobalSection
EndGlobal
